
Microsoft Visual Studio Solution File, Format Version 12.00
# Visual Studio Version 17
VisualStudioVersion = 17.7.34031.279
MinimumVisualStudioVersion = 10.0.40219.1
Project("{FAE04EC0-301F-11D3-BF4B-00C04F79EFBC}") = "ConsoleApp", "ConsoleApp\ConsoleApp.csproj", "{21630DC2-0D12-41C5-A29F-B878A305E122}"
EndProject
Project("{FAE04EC0-301F-11D3-BF4B-00C04F79EFBC}") = "BosApi", "BosApi\BosApi.csproj", "{76156B00-C883-4024-A3BC-8F16E52FD143}"
EndProject
Global
	GlobalSection(SolutionConfigurationPlatforms) = preSolution
		Debug|Any CPU = Debug|Any CPU
		Release|Any CPU = Release|Any CPU
	EndGlobalSection
	GlobalSection(ProjectConfigurationPlatforms) = postSolution
		{21630DC2-0D12-41C5-A29F-B878A305E122}.Debug|Any CPU.ActiveCfg = Debug|Any CPU
		{21630DC2-0D12-41C5-A29F-B878A305E122}.Debug|Any CPU.Build.0 = Debug|Any CPU
		{21630DC2-0D12-41C5-A29F-B878A305E122}.Release|Any CPU.ActiveCfg = Release|Any CPU
		{21630DC2-0D12-41C5-A29F-B878A305E122}.Release|Any CPU.Build.0 = Release|Any CPU
		{76156B00-C883-4024-A3BC-8F16E52FD143}.Debug|Any CPU.ActiveCfg = Debug|Any CPU
		{76156B00-C883-4024-A3BC-8F16E52FD143}.Debug|Any CPU.Build.0 = Debug|Any CPU
		{76156B00-C883-4024-A3BC-8F16E52FD143}.Release|Any CPU.ActiveCfg = Release|Any CPU
		{76156B00-C883-4024-A3BC-8F16E52FD143}.Release|Any CPU.Build.0 = Release|Any CPU
	EndGlobalSection
	GlobalSection(SolutionProperties) = preSolution
		HideSolutionNode = FALSE
	EndGlobalSection
	GlobalSection(ExtensibilityGlobals) = postSolution
		SolutionGuid = {EEB3A366-4378-4481-BD43-B021353EEF24}
	EndGlobalSection
EndGlobal
